
Microsoft Visual Studio Solution File, Format Version 12.00
# Visual Studio Version 16
VisualStudioVersion = 16.0.31112.23
MinimumVisualStudioVersion = 10.0.40219.1
Project("{FAE04EC0-301F-11D3-BF4B-00C04F79EFBC}") = "Shop", "Shop\Shop.csproj", "{88D8BA41-BBE1-4E2A-B57A-0919B5C8FC3C}"
EndProject
Global
	GlobalSection(SolutionConfigurationPlatforms) = preSolution
		Debug|Any CPU = Debug|Any CPU
		Release|Any CPU = Release|Any CPU
	EndGlobalSection
	GlobalSection(ProjectConfigurationPlatforms) = postSolution
		{88D8BA41-BBE1-4E2A-B57A-0919B5C8FC3C}.Debug|Any CPU.ActiveCfg = Debug|Any CPU
		{88D8BA41-BBE1-4E2A-B57A-0919B5C8FC3C}.Debug|Any CPU.Build.0 = Debug|Any CPU
		{88D8BA41-BBE1-4E2A-B57A-0919B5C8FC3C}.Release|Any CPU.ActiveCfg = Release|Any CPU
		{88D8BA41-BBE1-4E2A-B57A-0919B5C8FC3C}.Release|Any CPU.Build.0 = Release|Any CPU
	EndGlobalSection
	GlobalSection(SolutionProperties) = preSolution
		HideSolutionNode = FALSE
	EndGlobalSection
	GlobalSection(ExtensibilityGlobals) = postSolution
		SolutionGuid = {D2CC6F39-45D1-4DC9-AA36-930E1F524706}
	EndGlobalSection
EndGlobal
